
Microsoft Visual Studio Solution File, Format Version 12.00
# Visual Studio Version 16
VisualStudioVersion = 16.0.31702.278
MinimumVisualStudioVersion = 10.0.40219.1
Project("{FAE04EC0-301F-11D3-BF4B-00C04F79EFBC}") = "WpfApp14", "WpfApp14\WpfApp14.csproj", "{61AEB0F9-1B1C-4BE7-9CF8-8FA6436DDF10}"
EndProject
Global
	GlobalSection(SolutionConfigurationPlatforms) = preSolution
		Debug|Any CPU = Debug|Any CPU
		Release|Any CPU = Release|Any CPU
	EndGlobalSection
	GlobalSection(ProjectConfigurationPlatforms) = postSolution
		{61AEB0F9-1B1C-4BE7-9CF8-8FA6436DDF10}.Debug|Any CPU.ActiveCfg = Debug|Any CPU
		{61AEB0F9-1B1C-4BE7-9CF8-8FA6436DDF10}.Debug|Any CPU.Build.0 = Debug|Any CPU
		{61AEB0F9-1B1C-4BE7-9CF8-8FA6436DDF10}.Release|Any CPU.ActiveCfg = Release|Any CPU
		{61AEB0F9-1B1C-4BE7-9CF8-8FA6436DDF10}.Release|Any CPU.Build.0 = Release|Any CPU
	EndGlobalSection
	GlobalSection(SolutionProperties) = preSolution
		HideSolutionNode = FALSE
	EndGlobalSection
	GlobalSection(ExtensibilityGlobals) = postSolution
		SolutionGuid = {646ECD17-CD46-4F4E-9EB4-5EBCEAADF18D}
	EndGlobalSection
EndGlobal
